
Microsoft Visual Studio Solution File, Format Version 12.00
# Visual Studio Version 16
VisualStudioVersion = 16.0.30621.155
MinimumVisualStudioVersion = 10.0.40219.1
Project("{9A19103F-16F7-4668-BE54-9A1E7A4F7556}") = "AwsEC2.StartInstances", "AwsEC2.StartInstances\AwsEC2.StartInstances.csproj", "{6E50B73B-F302-48AF-BB97-2528D5DC748B}"
EndProject
Project("{9A19103F-16F7-4668-BE54-9A1E7A4F7556}") = "AwsEC2.StopInstances", "AwsEC2.StopInstances\AwsEC2.StopInstances.csproj", "{3FD07B7D-D469-4EDF-82D1-A9BF4918E53D}"
EndProject
Project("{FAE04EC0-301F-11D3-BF4B-00C04F79EFBC}") = "AwsEC2.Operations", "AwsEC2.Operations\AwsEC2.Operations.csproj", "{7FE30447-9C2E-4CFF-B5DA-970AA696DAB7}"
EndProject
Global
	GlobalSection(SolutionConfigurationPlatforms) = preSolution
		Debug|Any CPU = Debug|Any CPU
		Release|Any CPU = Release|Any CPU
	EndGlobalSection
	GlobalSection(ProjectConfigurationPlatforms) = postSolution
		{6E50B73B-F302-48AF-BB97-2528D5DC748B}.Debug|Any CPU.ActiveCfg = Debug|Any CPU
		{6E50B73B-F302-48AF-BB97-2528D5DC748B}.Debug|Any CPU.Build.0 = Debug|Any CPU
		{6E50B73B-F302-48AF-BB97-2528D5DC748B}.Release|Any CPU.ActiveCfg = Release|Any CPU
		{6E50B73B-F302-48AF-BB97-2528D5DC748B}.Release|Any CPU.Build.0 = Release|Any CPU
		{3FD07B7D-D469-4EDF-82D1-A9BF4918E53D}.Debug|Any CPU.ActiveCfg = Debug|Any CPU
		{3FD07B7D-D469-4EDF-82D1-A9BF4918E53D}.Debug|Any CPU.Build.0 = Debug|Any CPU
		{3FD07B7D-D469-4EDF-82D1-A9BF4918E53D}.Release|Any CPU.ActiveCfg = Release|Any CPU
		{3FD07B7D-D469-4EDF-82D1-A9BF4918E53D}.Release|Any CPU.Build.0 = Release|Any CPU
		{7FE30447-9C2E-4CFF-B5DA-970AA696DAB7}.Debug|Any CPU.ActiveCfg = Debug|Any CPU
		{7FE30447-9C2E-4CFF-B5DA-970AA696DAB7}.Debug|Any CPU.Build.0 = Debug|Any CPU
		{7FE30447-9C2E-4CFF-B5DA-970AA696DAB7}.Release|Any CPU.ActiveCfg = Release|Any CPU
		{7FE30447-9C2E-4CFF-B5DA-970AA696DAB7}.Release|Any CPU.Build.0 = Release|Any CPU
	EndGlobalSection
	GlobalSection(SolutionProperties) = preSolution
		HideSolutionNode = FALSE
	EndGlobalSection
	GlobalSection(ExtensibilityGlobals) = postSolution
		SolutionGuid = {0E7470B8-595D-4039-9C25-589B9515A84C}
	EndGlobalSection
EndGlobal
